// !$*UTF8*$!
{
	archiveVersion = 1;
	classes = {
	};
	objectVersion = 50;
	objects = {

/* Begin PBXBuildFile section */
		931D53D921C9990600E88929 /* AppDelegate.swift in Sources */ = {isa = PBXBuildFile; fileRef = 931D53D821C9990600E88929 /* AppDelegate.swift */; };
		931D53DC21C9990600E88929 /* Code_Test_Ken_Laws.xcdatamodeld in Sources */ = {isa = PBXBuildFile; fileRef = 931D53DA21C9990600E88929 /* Code_Test_Ken_Laws.xcdatamodeld */; };
		931D53DE21C9990600E88929 /* MasterViewController.swift in Sources */ = {isa = PBXBuildFile; fileRef = 931D53DD21C9990600E88929 /* MasterViewController.swift */; };
		931D53E021C9990600E88929 /* DetailViewController.swift in Sources */ = {isa = PBXBuildFile; fileRef = 931D53DF21C9990600E88929 /* DetailViewController.swift */; };
		931D53E321C9990600E88929 /* Main.storyboard in Resources */ = {isa = PBXBuildFile; fileRef = 931D53E121C9990600E88929 /* Main.storyboard */; };
		931D53E521C9990700E88929 /* Assets.xcassets in Resources */ = {isa = PBXBuildFile; fileRef = 931D53E421C9990700E88929 /* Assets.xcassets */; };
		931D53E821C9990700E88929 /* LaunchScreen.storyboard in Resources */ = {isa = PBXBuildFile; fileRef = 931D53E621C9990700E88929 /* LaunchScreen.storyboard */; };
/* End PBXBuildFile section */

/* Begin PBXFileReference section */
		931D53D521C9990600E88929 /* Code Test Ken Laws.app */ = {isa = PBXFileReference; explicitFileType = wrapper.application; includeInIndex = 0; path = "Code Test Ken Laws.app"; sourceTree = BUILT_PRODUCTS_DIR; };
		931D53D821C9990600E88929 /* AppDelegate.swift */ = {isa = PBXFileReference; lastKnownFileType = sourcecode.swift; path = AppDelegate.swift; sourceTree = "<group>"; };
		931D53DB21C9990600E88929 /* Code_Test_Ken_Laws.xcdatamodel */ = {isa = PBXFileReference; lastKnownFileType = wrapper.xcdatamodel; path = Code_Test_Ken_Laws.xcdatamodel; sourceTree = "<group>"; };
		931D53DD21C9990600E88929 /* MasterViewController.swift */ = {isa = PBXFileReference; lastKnownFileType = sourcecode.swift; path = MasterViewController.swift; sourceTree = "<group>"; };
		931D53DF21C9990600E88929 /* DetailViewController.swift */ = {isa = PBXFileReference; lastKnownFileType = sourcecode.swift; path = DetailViewController.swift; sourceTree = "<group>"; };
		931D53E221C9990600E88929 /* Base */ = {isa = PBXFileReference; lastKnownFileType = file.storyboard; name = Base; path = Base.lproj/Main.storyboard; sourceTree = "<group>"; };
		931D53E421C9990700E88929 /* Assets.xcassets */ = {isa = PBXFileReference; lastKnownFileType = folder.assetcatalog; path = Assets.xcassets; sourceTree = "<group>"; };
		931D53E721C9990700E88929 /* Base */ = {isa = PBXFileReference; lastKnownFileType = file.storyboard; name = Base; path = Base.lproj/LaunchScreen.storyboard; sourceTree = "<group>"; };
		931D53E921C9990700E88929 /* Info.plist */ = {isa = PBXFileReference; lastKnownFileType = text.plist.xml; path = Info.plist; sourceTree = "<group>"; };
/* End PBXFileReference section */

/* Begin PBXFrameworksBuildPhase section */
		931D53D221C9990600E88929 /* Frameworks */ = {
			isa = PBXFrameworksBuildPhase;
			buildActionMask = 2147483647;
			files = (
			);
			runOnlyForDeploymentPostprocessing = 0;
		};
/* End PBXFrameworksBuildPhase section */

/* Begin PBXGroup section */
		931D53CC21C9990600E88929 = {
			isa = PBXGroup;
			children = (
				931D53D721C9990600E88929 /* Code Test Ken Laws */,
				931D53D621C9990600E88929 /* Products */,
			);
			sourceTree = "<group>";
		};
		931D53D621C9990600E88929 /* Products */ = {
			isa = PBXGroup;
			children = (
				931D53D521C9990600E88929 /* Code Test Ken Laws.app */,
			);
			name = Products;
			sourceTree = "<group>";
		};
		931D53D721C9990600E88929 /* Code Test Ken Laws */ = {
			isa = PBXGroup;
			children = (
				931D53D821C9990600E88929 /* AppDelegate.swift */,
				931D53DD21C9990600E88929 /* MasterViewController.swift */,
				931D53DF21C9990600E88929 /* DetailViewController.swift */,
				931D53E121C9990600E88929 /* Main.storyboard */,
				931D53E421C9990700E88929 /* Assets.xcassets */,
				931D53E621C9990700E88929 /* LaunchScreen.storyboard */,
				931D53E921C9990700E88929 /* Info.plist */,
				931D53DA21C9990600E88929 /* Code_Test_Ken_Laws.xcdatamodeld */,
			);
			path = "Code Test Ken Laws";
			sourceTree = "<group>";
		};
/* End PBXGroup section */

/* Begin PBXNativeTarget section */
		931D53D421C9990600E88929 /* Code Test Ken Laws */ = {
			isa = PBXNativeTarget;
			buildConfigurationList = 931D53EC21C9990700E88929 /* Build configuration list for PBXNativeTarget "Code Test Ken Laws" */;
			buildPhases = (
				931D53D121C9990600E88929 /* Sources */,
				931D53D221C9990600E88929 /* Frameworks */,
				931D53D321C9990600E88929 /* Resources */,
			);
			buildRules = (
			);
			dependencies = (
			);
			name = "Code Test Ken Laws";
			productName = "Code Test Ken Laws";
			productReference = 931D53D521C9990600E88929 /* Code Test Ken Laws.app */;
			productType = "com.apple.product-type.application";
		};
/* End PBXNativeTarget section */

/* Begin PBXProject section */
		931D53CD21C9990600E88929 /* Project object */ = {
			isa = PBXProject;
			attributes = {
				LastSwiftUpdateCheck = 1010;
				LastUpgradeCheck = 1010;
				ORGANIZATIONNAME = dela;
				TargetAttributes = {
					931D53D421C9990600E88929 = {
						CreatedOnToolsVersion = 10.1;
					};
				};
			};
			buildConfigurationList = 931D53D021C9990600E88929 /* Build configuration list for PBXProject "Code Test Ken Laws" */;
			compatibilityVersion = "Xcode 9.3";
			developmentRegion = en;
			hasScannedForEncodings = 0;
			knownRegions = (
				en,
				Base,
			);
			mainGroup = 931D53CC21C9990600E88929;
			productRefGroup = 931D53D621C9990600E88929 /* Products */;
			projectDirPath = "";
			projectRoot = "";
			targets = (
				931D53D421C9990600E88929 /* Code Test Ken Laws */,
			);
		};
/* End PBXProject section */

/* Begin PBXResourcesBuildPhase section */
		931D53D321C9990600E88929 /* Resources */ = {
			isa = PBXResourcesBuildPhase;
			buildActionMask = 2147483647;
			files = (
				931D53E821C9990700E88929 /* LaunchScreen.storyboard in Resources */,
				931D53E521C9990700E88929 /* Assets.xcassets in Resources */,
				931D53E321C9990600E88929 /* Main.storyboard in Resources */,
			);
			runOnlyForDeploymentPostprocessing = 0;
		};
/* End PBXResourcesBuildPhase section */

/* Begin PBXSourcesBuildPhase section */
		931D53D121C9990600E88929 /* Sources */ = {
			isa = PBXSourcesBuildPhase;
			buildActionMask = 2147483647;
			files = (
				931D53DC21C9990600E88929 /* Code_Test_Ken_Laws.xcdatamodeld in Sources */,
				931D53D921C9990600E88929 /* AppDelegate.swift in Sources */,
				931D53DE21C9990600E88929 /* MasterViewController.swift in Sources */,
				931D53E021C9990600E88929 /* DetailViewController.swift in Sources */,
			);
			runOnlyForDeploymentPostprocessing = 0;
		};
/* End PBXSourcesBuildPhase section */

/* Begin PBXVariantGroup section */
		931D53E121C9990600E88929 /* Main.storyboard */ = {
			isa = PBXVariantGroup;
			children = (
				931D53E221C9990600E88929 /* Base */,
			);
			name = Main.storyboard;
			sourceTree = "<group>";
		};
		931D53E621C9990700E88929 /* LaunchScreen.storyboard */ = {
			isa = PBXVariantGroup;
			children = (
				931D53E721C9990700E88929 /* Base */,
			);
			name = LaunchScreen.storyboard;
			sourceTree = "<group>";
		};
/* End PBXVariantGroup section */

/* Begin XCBuildConfiguration section */
		931D53EA21C9990700E88929 /* Debug */ = {
			isa = XCBuildConfiguration;
			buildSettings = {
				ALWAYS_SEARCH_USER_PATHS = NO;
				CLANG_ANALYZER_NONNULL = YES;
				CLANG_ANALYZER_NUMBER_OBJECT_CONVERSION = YES_AGGRESSIVE;
				CLANG_CXX_LANGUAGE_STANDARD = "gnu++14";
				CLANG_CXX_LIBRARY = "libc++";
				CLANG_ENABLE_MODULES = YES;
				CLANG_ENABLE_OBJC_ARC = YES;
				CLANG_ENABLE_OBJC_WEAK = YES;
				CLANG_WARN_BLOCK_CAPTURE_AUTORELEASING = YES;
				CLANG_WARN_BOOL_CONVERSION = YES;
				CLANG_WARN_COMMA = YES;
				CLANG_WARN_CONSTANT_CONVERSION = YES;
				CLANG_WARN_DEPRECATED_OBJC_IMPLEMENTATIONS = YES;
				CLANG_WARN_DIRECT_OBJC_ISA_USAGE = YES_ERROR;
				CLANG_WARN_DOCUMENTATION_COMMENTS = YES;
				CLANG_WARN_EMPTY_BODY = YES;
				CLANG_WARN_ENUM_CONVERSION = YES;
				CLANG_WARN_INFINITE_RECURSION = YES;
				CLANG_WARN_INT_CONVERSION = YES;
				CLANG_WARN_NON_LITERAL_NULL_CONVERSION = YES;
				CLANG_WARN_OBJC_IMPLICIT_RETAIN_SELF = YES;
				CLANG_WARN_OBJC_LITERAL_CONVERSION = YES;
				CLANG_WARN_OBJC_ROOT_CLASS = YES_ERROR;
				CLANG_WARN_RANGE_LOOP_ANALYSIS = YES;
				CLANG_WARN_STRICT_PROTOTYPES = YES;
				CLANG_WARN_SUSPICIOUS_MOVE = YES;
				CLANG_WARN_UNGUARDED_AVAILABILITY = YES_AGGRESSIVE;
				CLANG_WARN_UNREACHABLE_CODE = YES;
				CLANG_WARN__DUPLICATE_METHOD_MATCH = YES;
				CODE_SIGN_IDENTITY = "iPhone Developer";
				COPY_PHASE_STRIP = NO;
				DEBUG_INFORMATION_FORMAT = dwarf;
				ENABLE_STRICT_OBJC_MSGSEND = YES;
				ENABLE_TESTABILITY = YES;
				GCC_C_LANGUAGE_STANDARD = gnu11;
				GCC_DYNAMIC_NO_PIC = NO;
				GCC_NO_COMMON_BLOCKS = YES;
				GCC_OPTIMIZATION_LEVEL = 0;
				GCC_PREPROCESSOR_DEFINITIONS = (
					"DEBUG=1",
					"$(inherited)",
				);
				GCC_WARN_64_TO_32_BIT_CONVERSION = YES;
				GCC_WARN_ABOUT_RETURN_TYPE = YES_ERROR;
				GCC_WARN_UNDECLARED_SELECTOR = YES;
				GCC_WARN_UNINITIALIZED_AUTOS = YES_AGGRESSIVE;
				GCC_WARN_UNUSED_FUNCTION = YES;
				GCC_WARN_UNUSED_VARIABLE = YES;
				IPHONEOS_DEPLOYMENT_TARGET = 12.1;
				MTL_ENABLE_DEBUG_INFO = INCLUDE_SOURCE;
				MTL_FAST_MATH = YES;
				ONLY_ACTIVE_ARCH = YES;
				SDKROOT = iphoneos;
				SWIFT_ACTIVE_COMPILATION_CONDITIONS = DEBUG;
				SWIFT_OPTIMIZATION_LEVEL = "-Onone";
			};
			name = Debug;
		};
		931D53EB21C9990700E88929 /* Release */ = {
			isa = XCBuildConfiguration;
			buildSettings = {
				ALWAYS_SEARCH_USER_PATHS = NO;
				CLANG_ANALYZER_NONNULL = YES;
				CLANG_ANALYZER_NUMBER_OBJECT_CONVERSION = YES_AGGRESSIVE;
				CLANG_CXX_LANGUAGE_STANDARD = "gnu++14";
				CLANG_CXX_LIBRARY = "libc++";
				CLANG_ENABLE_MODULES = YES;
				CLANG_ENABLE_OBJC_ARC = YES;
				CLANG_ENABLE_OBJC_WEAK = YES;
				CLANG_WARN_BLOCK_CAPTURE_AUTORELEASING = YES;
				CLANG_WARN_BOOL_CONVERSION = YES;
				CLANG_WARN_COMMA = YES;
				CLANG_WARN_CONSTANT_CONVERSION = YES;
				CLANG_WARN_DEPRECATED_OBJC_IMPLEMENTATIONS = YES;
				CLANG_WARN_DIRECT_OBJC_ISA_USAGE = YES_ERROR;
				CLANG_WARN_DOCUMENTATION_COMMENTS = YES;
				CLANG_WARN_EMPTY_BODY = YES;
				CLANG_WARN_ENUM_CONVERSION = YES;
				CLANG_WARN_INFINITE_RECURSION = YES;
				CLANG_WARN_INT_CONVERSION = YES;
				CLANG_WARN_NON_LITERAL_NULL_CONVERSION = YES;
				CLANG_WARN_OBJC_IMPLICIT_RETAIN_SELF = YES;
				CLANG_WARN_OBJC_LITERAL_CONVERSION = YES;
				CLANG_WARN_OBJC_ROOT_CLASS = YES_ERROR;
				CLANG_WARN_RANGE_LOOP_ANALYSIS = YES;
				CLANG_WARN_STRICT_PROTOTYPES = YES;
				CLANG_WARN_SUSPICIOUS_MOVE = YES;
				CLANG_WARN_UNGUARDED_AVAILABILITY = YES_AGGRESSIVE;
				CLANG_WARN_UNREACHABLE_CODE = YES;
				CLANG_WARN__DUPLICATE_METHOD_MATCH = YES;
				CODE_SIGN_IDENTITY = "iPhone Developer";
				COPY_PHASE_STRIP = NO;
				DEBUG_INFORMATION_FORMAT = "dwarf-with-dsym";
				ENABLE_NS_ASSERTIONS = NO;
				ENABLE_STRICT_OBJC_MSGSEND = YES;
				GCC_C_LANGUAGE_STANDARD = gnu11;
				GCC_NO_COMMON_BLOCKS = YES;
				GCC_WARN_64_TO_32_BIT_CONVERSION = YES;
				GCC_WARN_ABOUT_RETURN_TYPE = YES_ERROR;
				GCC_WARN_UNDECLARED_SELECTOR = YES;
				GCC_WARN_UNINITIALIZED_AUTOS = YES_AGGRESSIVE;
				GCC_WARN_UNUSED_FUNCTION = YES;
				GCC_WARN_UNUSED_VARIABLE = YES;
				IPHONEOS_DEPLOYMENT_TARGET = 12.1;
				MTL_ENABLE_DEBUG_INFO = NO;
				MTL_FAST_MATH = YES;
				SDKROOT = iphoneos;
				SWIFT_COMPILATION_MODE = wholemodule;
				SWIFT_OPTIMIZATION_LEVEL = "-O";
				VALIDATE_PRODUCT = YES;
			};
			name = Release;
		};
		931D53ED21C9990700E88929 /* Debug */ = {
			isa = XCBuildConfiguration;
			buildSettings = {
				ASSETCATALOG_COMPILER_APPICON_NAME = AppIcon;
				CODE_SIGN_STYLE = Automatic;
				DEVELOPMENT_TEAM = 9W4CY5VCCP;
				INFOPLIST_FILE = "Code Test Ken Laws/Info.plist";
				LD_RUNPATH_SEARCH_PATHS = (
					"$(inherited)",
					"@executable_path/Frameworks",
				);
				PRODUCT_BUNDLE_IDENTIFIER = "com.khana.Code-Test-Ken-Laws";
				PRODUCT_NAME = "$(TARGET_NAME)";
				SWIFT_VERSION = 4.2;
				TARGETED_DEVICE_FAMILY = "1,2";
			};
			name = Debug;
		};
		931D53EE21C9990700E88929 /* Release */ = {
			isa = XCBuildConfiguration;
			buildSettings = {
				ASSETCATALOG_COMPILER_APPICON_NAME = AppIcon;
				CODE_SIGN_STYLE = Automatic;
				DEVELOPMENT_TEAM = 9W4CY5VCCP;
				INFOPLIST_FILE = "Code Test Ken Laws/Info.plist";
				LD_RUNPATH_SEARCH_PATHS = (
					"$(inherited)",
					"@executable_path/Frameworks",
				);
				PRODUCT_BUNDLE_IDENTIFIER = "com.khana.Code-Test-Ken-Laws";
				PRODUCT_NAME = "$(TARGET_NAME)";
				SWIFT_VERSION = 4.2;
				TARGETED_DEVICE_FAMILY = "1,2";
			};
			name = Release;
		};
/* End XCBuildConfiguration section */

/* Begin XCConfigurationList section */
		931D53D021C9990600E88929 /* Build configuration list for PBXProject "Code Test Ken Laws" */ = {
			isa = XCConfigurationList;
			buildConfigurations = (
				931D53EA21C9990700E88929 /* Debug */,
				931D53EB21C9990700E88929 /* Release */,
			);
			defaultConfigurationIsVisible = 0;
			defaultConfigurationName = Release;
		};
		931D53EC21C9990700E88929 /* Build configuration list for PBXNativeTarget "Code Test Ken Laws" */ = {
			isa = XCConfigurationList;
			buildConfigurations = (
				931D53ED21C9990700E88929 /* Debug */,
				931D53EE21C9990700E88929 /* Release */,
			);
			defaultConfigurationIsVisible = 0;
			defaultConfigurationName = Release;
		};
/* End XCConfigurationList section */

/* Begin XCVersionGroup section */
		931D53DA21C9990600E88929 /* Code_Test_Ken_Laws.xcdatamodeld */ = {
			isa = XCVersionGroup;
			children = (
				931D53DB21C9990600E88929 /* Code_Test_Ken_Laws.xcdatamodel */,
			);
			currentVersion = 931D53DB21C9990600E88929 /* Code_Test_Ken_Laws.xcdatamodel */;
			path = Code_Test_Ken_Laws.xcdatamodeld;
			sourceTree = "<group>";
			versionGroupType = wrapper.xcdatamodel;
		};
/* End XCVersionGroup section */
	};
	rootObject = 931D53CD21C9990600E88929 /* Project object */;
}
